Microsoft Visual Studio Solution File, Format Version 12.00
# Visual Studio Version 17
VisualStudioVersion = 17.5.2.0
MinimumVisualStudioVersion = 10.0.40219.1
Project("{FAE04EC0-301F-11D3-BF4B-00C04F79EFBC}") = "APBD-tutorial2", "apbd_lab2\APBD-tutorial2.csproj", "{A731C0AE-007B-B8C8-E02A-D2FE0578BFC0}"
EndProject
Global
	GlobalSection(SolutionConfigurationPlatforms) = preSolution
		Debug|Any CPU = Debug|Any CPU
		Release|Any CPU = Release|Any CPU
	EndGlobalSection
	GlobalSection(ProjectConfigurationPlatforms) = postSolution
		{A731C0AE-007B-B8C8-E02A-D2FE0578BFC0}.Debug|Any CPU.ActiveCfg = Debug|Any CPU
		{A731C0AE-007B-B8C8-E02A-D2FE0578BFC0}.Debug|Any CPU.Build.0 = Debug|Any CPU
		{A731C0AE-007B-B8C8-E02A-D2FE0578BFC0}.Release|Any CPU.ActiveCfg = Release|Any CPU
		{A731C0AE-007B-B8C8-E02A-D2FE0578BFC0}.Release|Any CPU.Build.0 = Release|Any CPU
	EndGlobalSection
	GlobalSection(SolutionProperties) = preSolution
		HideSolutionNode = FALSE
	EndGlobalSection
	GlobalSection(ExtensibilityGlobals) = postSolution
		SolutionGuid = {3CC70F20-673F-48AC-A031-A77766EE28DD}
	EndGlobalSection
EndGlobal
